
Microsoft Visual Studio Solution File, Format Version 12.00
# Visual Studio Version 17
VisualStudioVersion = 17.13.35818.85 d17.13
MinimumVisualStudioVersion = 10.0.40219.1
Project("{FAE04EC0-301F-11D3-BF4B-00C04F79EFBC}") = "CaptureControl", "CaptureControl\CaptureControl.csproj", "{340FD8EB-00F6-4A53-BEBE-F397C868BCF5}"
EndProject
Global
	GlobalSection(SolutionConfigurationPlatforms) = preSolution
		Debug|Any CPU = Debug|Any CPU
		Release|Any CPU = Release|Any CPU
	EndGlobalSection
	GlobalSection(ProjectConfigurationPlatforms) = postSolution
		{340FD8EB-00F6-4A53-BEBE-F397C868BCF5}.Debug|Any CPU.ActiveCfg = Debug|Any CPU
		{340FD8EB-00F6-4A53-BEBE-F397C868BCF5}.Debug|Any CPU.Build.0 = Debug|Any CPU
		{340FD8EB-00F6-4A53-BEBE-F397C868BCF5}.Release|Any CPU.ActiveCfg = Release|Any CPU
		{340FD8EB-00F6-4A53-BEBE-F397C868BCF5}.Release|Any CPU.Build.0 = Release|Any CPU
	EndGlobalSection
	GlobalSection(SolutionProperties) = preSolution
		HideSolutionNode = FALSE
	EndGlobalSection
	GlobalSection(ExtensibilityGlobals) = postSolution
		SolutionGuid = {ADABE327-6B11-48CE-8096-0AE2D401F94E}
	EndGlobalSection
EndGlobal
