
Microsoft Visual Studio Solution File, Format Version 12.00
# Visual Studio Version 17
VisualStudioVersion = 17.13.35806.99 d17.13
MinimumVisualStudioVersion = 10.0.40219.1
Project("{FAE04EC0-301F-11D3-BF4B-00C04F79EFBC}") = "ConnectIT_client", "ConnectIT_client\ConnectIT_client.csproj", "{349E45AB-292C-42B8-B02E-50447FBE5520}"
EndProject
Global
	GlobalSection(SolutionConfigurationPlatforms) = preSolution
		Debug|Any CPU = Debug|Any CPU
		Release|Any CPU = Release|Any CPU
	EndGlobalSection
	GlobalSection(ProjectConfigurationPlatforms) = postSolution
		{349E45AB-292C-42B8-B02E-50447FBE5520}.Debug|Any CPU.ActiveCfg = Debug|Any CPU
		{349E45AB-292C-42B8-B02E-50447FBE5520}.Debug|Any CPU.Build.0 = Debug|Any CPU
		{349E45AB-292C-42B8-B02E-50447FBE5520}.Release|Any CPU.ActiveCfg = Release|Any CPU
		{349E45AB-292C-42B8-B02E-50447FBE5520}.Release|Any CPU.Build.0 = Release|Any CPU
	EndGlobalSection
	GlobalSection(SolutionProperties) = preSolution
		HideSolutionNode = FALSE
	EndGlobalSection
	GlobalSection(ExtensibilityGlobals) = postSolution
		SolutionGuid = {019B98AA-2567-4B83-8527-25027010984A}
	EndGlobalSection
EndGlobal
